{
  "requires": true,
  "lockfileVersion": 1,
  "dependencies": {
    "electron-positioner": {
      "version": "4.1.0",
      "resolved": "https://registry.npmjs.org/electron-positioner/-/electron-positioner-4.1.0.tgz",
      "integrity": "sha512-726DfbI9ZNoCg+Fcu6XLuTKTnzf+6nFqv7h+K/V6Ug7IbaPMI7s9S8URnGtWFCy5N5PL4HSzRFF2mXuinftDdg=="
    },
    "menubar": {
      "version": "7.0.0",
      "resolved": "https://registry.npmjs.org/menubar/-/menubar-7.0.0.tgz",
      "integrity": "sha512-83cton9fdguCSpkDvFyeYIZ0wWUlpDq610D2KAcXzlQeYr9ccSHtLlLt85RqCeBAcyLVZ2lu8MSt7KHODlcIOw==",
      "requires": {
        "electron-positioner": "^4.1.0"
      }
    }
  }
}
